
Microsoft Visual Studio Solution File, Format Version 12.00
# Visual Studio 14
VisualStudioVersion = 14.0.24720.0
MinimumVisualStudioVersion = 10.0.40219.1
Project("{FAE04EC0-301F-11D3-BF4B-00C04F79EFBC}") = "McTools.Xrm.Connection", "McTools.Xrm.Connection\McTools.Xrm.Connection.csproj", "{C3824C2C-6E2E-4FDE-A2AA-229BBC7C3B1F}"
EndProject
Project("{FAE04EC0-301F-11D3-BF4B-00C04F79EFBC}") = "McTools.Xrm.Connection.WinForms", "McTools.Xrm.Connection.WinForms\McTools.Xrm.Connection.WinForms.csproj", "{EEB5C09F-CEC6-4FB5-87B5-AE61AE89C9EB}"
EndProject
Project("{FAE04EC0-301F-11D3-BF4B-00C04F79EFBC}") = "McTools.Xrm.Connection.TestWinForm", "McTools.Xrm.Connection.TestWinForm\McTools.Xrm.Connection.TestWinForm.csproj", "{5093677C-F49B-4249-BEC1-E117E62255AD}"
EndProject
Project("{2150E333-8FDC-42A3-9474-1A3956D46DE8}") = "Libraries", "Libraries", "{A3FFFB54-ACB9-41CC-83A8-3A2F87DADD71}"
EndProject 
Global
	GlobalSection(SolutionConfigurationPlatforms) = preSolution
		Debug Without GemBox|Any CPU = Debug Without GemBox|Any CPU
		Debug Without GemBox|x86 = Debug Without GemBox|x86
		Debug|Any CPU = Debug|Any CPU
		Debug|x86 = Debug|x86
		Release|Any CPU = Release|Any CPU
		Release|x86 = Release|x86
	EndGlobalSection
	GlobalSection(ProjectConfigurationPlatforms) = postSolution
		{C3824C2C-6E2E-4FDE-A2AA-229BBC7C3B1F}.Debug Without GemBox|Any CPU.ActiveCfg = Debug Without GemBox|Any CPU
		{C3824C2C-6E2E-4FDE-A2AA-229BBC7C3B1F}.Debug Without GemBox|Any CPU.Build.0 = Debug Without GemBox|Any CPU
		{C3824C2C-6E2E-4FDE-A2AA-229BBC7C3B1F}.Debug Without GemBox|x86.ActiveCfg = Debug Without GemBox|Any CPU
		{C3824C2C-6E2E-4FDE-A2AA-229BBC7C3B1F}.Debug Without GemBox|x86.Build.0 = Debug Without GemBox|Any CPU
		{C3824C2C-6E2E-4FDE-A2AA-229BBC7C3B1F}.Debug|Any CPU.ActiveCfg = Debug|Any CPU
		{C3824C2C-6E2E-4FDE-A2AA-229BBC7C3B1F}.Debug|Any CPU.Build.0 = Debug|Any CPU
		{C3824C2C-6E2E-4FDE-A2AA-229BBC7C3B1F}.Debug|x86.ActiveCfg = Debug|Any CPU
		{C3824C2C-6E2E-4FDE-A2AA-229BBC7C3B1F}.Debug|x86.Build.0 = Debug|Any CPU
		{C3824C2C-6E2E-4FDE-A2AA-229BBC7C3B1F}.Release|Any CPU.ActiveCfg = Release|Any CPU
		{C3824C2C-6E2E-4FDE-A2AA-229BBC7C3B1F}.Release|Any CPU.Build.0 = Release|Any CPU
		{C3824C2C-6E2E-4FDE-A2AA-229BBC7C3B1F}.Release|x86.ActiveCfg = Release|Any CPU
		{C3824C2C-6E2E-4FDE-A2AA-229BBC7C3B1F}.Release|x86.Build.0 = Release|Any CPU
		{EEB5C09F-CEC6-4FB5-87B5-AE61AE89C9EB}.Debug Without GemBox|Any CPU.ActiveCfg = Debug Without GemBox|Any CPU
		{EEB5C09F-CEC6-4FB5-87B5-AE61AE89C9EB}.Debug Without GemBox|Any CPU.Build.0 = Debug Without GemBox|Any CPU
		{EEB5C09F-CEC6-4FB5-87B5-AE61AE89C9EB}.Debug Without GemBox|x86.ActiveCfg = Debug Without GemBox|Any CPU
		{EEB5C09F-CEC6-4FB5-87B5-AE61AE89C9EB}.Debug Without GemBox|x86.Build.0 = Debug Without GemBox|Any CPU
		{EEB5C09F-CEC6-4FB5-87B5-AE61AE89C9EB}.Debug|Any CPU.ActiveCfg = Debug|Any CPU
		{EEB5C09F-CEC6-4FB5-87B5-AE61AE89C9EB}.Debug|Any CPU.Build.0 = Debug|Any CPU
		{EEB5C09F-CEC6-4FB5-87B5-AE61AE89C9EB}.Debug|x86.ActiveCfg = Debug|Any CPU
		{EEB5C09F-CEC6-4FB5-87B5-AE61AE89C9EB}.Debug|x86.Build.0 = Debug|Any CPU
		{EEB5C09F-CEC6-4FB5-87B5-AE61AE89C9EB}.Release|Any CPU.ActiveCfg = Release|Any CPU
		{EEB5C09F-CEC6-4FB5-87B5-AE61AE89C9EB}.Release|Any CPU.Build.0 = Release|Any CPU
		{EEB5C09F-CEC6-4FB5-87B5-AE61AE89C9EB}.Release|x86.ActiveCfg = Release|Any CPU
		{EEB5C09F-CEC6-4FB5-87B5-AE61AE89C9EB}.Release|x86.Build.0 = Release|Any CPU
		{5093677C-F49B-4249-BEC1-E117E62255AD}.Debug Without GemBox|Any CPU.ActiveCfg = Debug Without GemBox|x86
		{5093677C-F49B-4249-BEC1-E117E62255AD}.Debug Without GemBox|x86.ActiveCfg = Debug Without GemBox|x86
		{5093677C-F49B-4249-BEC1-E117E62255AD}.Debug Without GemBox|x86.Build.0 = Debug Without GemBox|x86
		{5093677C-F49B-4249-BEC1-E117E62255AD}.Debug|Any CPU.ActiveCfg = Debug|x86
		{5093677C-F49B-4249-BEC1-E117E62255AD}.Debug|x86.ActiveCfg = Debug|x86
		{5093677C-F49B-4249-BEC1-E117E62255AD}.Debug|x86.Build.0 = Debug|x86
		{5093677C-F49B-4249-BEC1-E117E62255AD}.Release|Any CPU.ActiveCfg = Release|x86
		{5093677C-F49B-4249-BEC1-E117E62255AD}.Release|x86.ActiveCfg = Release|x86
		{5093677C-F49B-4249-BEC1-E117E62255AD}.Release|x86.Build.0 = Release|x86
	EndGlobalSection
	GlobalSection(SolutionProperties) = preSolution
		HideSolutionNode = FALSE
	EndGlobalSection
	GlobalSection(NestedProjects) = preSolution
		{C3824C2C-6E2E-4FDE-A2AA-229BBC7C3B1F} = {A3FFFB54-ACB9-41CC-83A8-3A2F87DADD71}
		{EEB5C09F-CEC6-4FB5-87B5-AE61AE89C9EB} = {A3FFFB54-ACB9-41CC-83A8-3A2F87DADD71}
	EndGlobalSection
	GlobalSection(AutomaticVersions) = postSolution
		UpdateAssemblyVersion.Release|Any CPU = True
		UpdateAssemblyFileVersion.Release|Any CPU = True
		UpdateAssemblyInfoVersion.Release|Any CPU = True
		AssemblyVersionSettings.Release|Any CPU = None.YearStamp.MonthStamp.DayStamp
		AssemblyFileVersionSettings.Release|Any CPU = None.YearStamp.MonthStamp.DayStamp
		AssemblyInfoVersionSettings.Release|Any CPU = None.YearStamp.MonthStamp.DayStamp
	EndGlobalSection
EndGlobal
